PODS:
  - ASIHTTPRequest (1.8.1):
    - ASIHTTPRequest/ASIWebPageRequest
    - ASIHTTPRequest/CloudFiles
    - ASIHTTPRequest/S3
    - Reachability
  - ASIHTTPRequest/ASIWebPageRequest (1.8.1):
    - Reachability
  - ASIHTTPRequest/CloudFiles (1.8.1):
    - Reachability
  - ASIHTTPRequest/S3 (1.8.1):
    - Reachability
  - Reachability (3.1.1)

DEPENDENCIES:
  - ASIHTTPRequest (~> 1.8.1)

SPEC CHECKSUMS:
  ASIHTTPRequest: 162783e0cd71bdd3ff1ceed0cd5fa9505e0116a8
  Reachability: be4883bb93f31e38266ae3365e5600a317aae735

COCOAPODS: 0.29.0
